
Microsoft Visual Studio Solution File, Format Version 12.00
# Visual Studio Version 17
VisualStudioVersion = 17.10.34607.79
MinimumVisualStudioVersion = 10.0.40219.1
Project("{FAE04EC0-301F-11D3-BF4B-00C04F79EFBC}") = "EasyFetch", "EasyFetch\EasyFetch.csproj", "{DA1E7683-4F60-4647-B2E9-1C6F2A7B61B8}"
EndProject
Project("{9A19103F-16F7-4668-BE54-9A1E7A4F7556}") = "StoreLib", "StoreLib\StoreLib.csproj", "{654A0023-FBD5-4B83-848A-997D3B8827F2}"
EndProject
Project("{FAE04EC0-301F-11D3-BF4B-00C04F79EFBC}") = "SharpCompress", "SharpCompress\SharpCompress.csproj", "{8F9BB3EE-E365-4FE0-B5EE-FB45D7E7FE41}"
EndProject
Project("{9A19103F-16F7-4668-BE54-9A1E7A4F7556}") = "libvideo", "libvideo\libvideo.csproj", "{65C6F78C-C5D7-4321-9AAE-D1D3F7AAF3CB}"
EndProject
Project("{9A19103F-16F7-4668-BE54-9A1E7A4F7556}") = "NiL.JS", "NiL.JS\NiL.JS.csproj", "{A6B5707B-B573-47F7-BE3A-D85AC6C47D3F}"
EndProject
Global
	GlobalSection(SolutionConfigurationPlatforms) = preSolution
		Debug|Any CPU = Debug|Any CPU
		Debug|ARM = Debug|ARM
		Debug|x64 = Debug|x64
		Debug|x86 = Debug|x86
		Release|Any CPU = Release|Any CPU
		Release|ARM = Release|ARM
		Release|x64 = Release|x64
		Release|x86 = Release|x86
		RootDebug|Any CPU = RootDebug|Any CPU
		RootDebug|ARM = RootDebug|ARM
		RootDebug|x64 = RootDebug|x64
		RootDebug|x86 = RootDebug|x86
		RootRelease|Any CPU = RootRelease|Any CPU
		RootRelease|ARM = RootRelease|ARM
		RootRelease|x64 = RootRelease|x64
		RootRelease|x86 = RootRelease|x86
	EndGlobalSection
	GlobalSection(ProjectConfigurationPlatforms) = postSolution
		{DA1E7683-4F60-4647-B2E9-1C6F2A7B61B8}.Debug|Any CPU.ActiveCfg = Debug|Any CPU
		{DA1E7683-4F60-4647-B2E9-1C6F2A7B61B8}.Debug|Any CPU.Build.0 = Debug|Any CPU
		{DA1E7683-4F60-4647-B2E9-1C6F2A7B61B8}.Debug|Any CPU.Deploy.0 = Debug|Any CPU
		{DA1E7683-4F60-4647-B2E9-1C6F2A7B61B8}.Debug|ARM.ActiveCfg = Debug|ARM
		{DA1E7683-4F60-4647-B2E9-1C6F2A7B61B8}.Debug|ARM.Build.0 = Debug|ARM
		{DA1E7683-4F60-4647-B2E9-1C6F2A7B61B8}.Debug|ARM.Deploy.0 = Debug|ARM
		{DA1E7683-4F60-4647-B2E9-1C6F2A7B61B8}.Debug|x64.ActiveCfg = Debug|x64
		{DA1E7683-4F60-4647-B2E9-1C6F2A7B61B8}.Debug|x64.Build.0 = Debug|x64
		{DA1E7683-4F60-4647-B2E9-1C6F2A7B61B8}.Debug|x64.Deploy.0 = Debug|x64
		{DA1E7683-4F60-4647-B2E9-1C6F2A7B61B8}.Debug|x86.ActiveCfg = Debug|x86
		{DA1E7683-4F60-4647-B2E9-1C6F2A7B61B8}.Debug|x86.Build.0 = Debug|x86
		{DA1E7683-4F60-4647-B2E9-1C6F2A7B61B8}.Debug|x86.Deploy.0 = Debug|x86
		{DA1E7683-4F60-4647-B2E9-1C6F2A7B61B8}.Release|Any CPU.ActiveCfg = Release|Any CPU
		{DA1E7683-4F60-4647-B2E9-1C6F2A7B61B8}.Release|Any CPU.Build.0 = Release|Any CPU
		{DA1E7683-4F60-4647-B2E9-1C6F2A7B61B8}.Release|Any CPU.Deploy.0 = Release|Any CPU
		{DA1E7683-4F60-4647-B2E9-1C6F2A7B61B8}.Release|ARM.ActiveCfg = Release|ARM
		{DA1E7683-4F60-4647-B2E9-1C6F2A7B61B8}.Release|ARM.Build.0 = Release|ARM
		{DA1E7683-4F60-4647-B2E9-1C6F2A7B61B8}.Release|ARM.Deploy.0 = Release|ARM
		{DA1E7683-4F60-4647-B2E9-1C6F2A7B61B8}.Release|x64.ActiveCfg = Release|x64
		{DA1E7683-4F60-4647-B2E9-1C6F2A7B61B8}.Release|x64.Build.0 = Release|x64
		{DA1E7683-4F60-4647-B2E9-1C6F2A7B61B8}.Release|x64.Deploy.0 = Release|x64
		{DA1E7683-4F60-4647-B2E9-1C6F2A7B61B8}.Release|x86.ActiveCfg = Release|x86
		{DA1E7683-4F60-4647-B2E9-1C6F2A7B61B8}.Release|x86.Build.0 = Release|x86
		{DA1E7683-4F60-4647-B2E9-1C6F2A7B61B8}.Release|x86.Deploy.0 = Release|x86
		{DA1E7683-4F60-4647-B2E9-1C6F2A7B61B8}.RootDebug|Any CPU.ActiveCfg = Release|Any CPU
		{DA1E7683-4F60-4647-B2E9-1C6F2A7B61B8}.RootDebug|Any CPU.Build.0 = Release|Any CPU
		{DA1E7683-4F60-4647-B2E9-1C6F2A7B61B8}.RootDebug|Any CPU.Deploy.0 = Release|Any CPU
		{DA1E7683-4F60-4647-B2E9-1C6F2A7B61B8}.RootDebug|ARM.ActiveCfg = Debug|ARM
		{DA1E7683-4F60-4647-B2E9-1C6F2A7B61B8}.RootDebug|ARM.Build.0 = Debug|ARM
		{DA1E7683-4F60-4647-B2E9-1C6F2A7B61B8}.RootDebug|ARM.Deploy.0 = Debug|ARM
		{DA1E7683-4F60-4647-B2E9-1C6F2A7B61B8}.RootDebug|x64.ActiveCfg = Debug|x64
		{DA1E7683-4F60-4647-B2E9-1C6F2A7B61B8}.RootDebug|x64.Build.0 = Debug|x64
		{DA1E7683-4F60-4647-B2E9-1C6F2A7B61B8}.RootDebug|x64.Deploy.0 = Debug|x64
		{DA1E7683-4F60-4647-B2E9-1C6F2A7B61B8}.RootDebug|x86.ActiveCfg = Debug|x86
		{DA1E7683-4F60-4647-B2E9-1C6F2A7B61B8}.RootDebug|x86.Build.0 = Debug|x86
		{DA1E7683-4F60-4647-B2E9-1C6F2A7B61B8}.RootDebug|x86.Deploy.0 = Debug|x86
		{DA1E7683-4F60-4647-B2E9-1C6F2A7B61B8}.RootRelease|Any CPU.ActiveCfg = Release|Any CPU
		{DA1E7683-4F60-4647-B2E9-1C6F2A7B61B8}.RootRelease|Any CPU.Build.0 = Release|Any CPU
		{DA1E7683-4F60-4647-B2E9-1C6F2A7B61B8}.RootRelease|Any CPU.Deploy.0 = Release|Any CPU
		{DA1E7683-4F60-4647-B2E9-1C6F2A7B61B8}.RootRelease|ARM.ActiveCfg = Release|ARM
		{DA1E7683-4F60-4647-B2E9-1C6F2A7B61B8}.RootRelease|ARM.Build.0 = Release|ARM
		{DA1E7683-4F60-4647-B2E9-1C6F2A7B61B8}.RootRelease|ARM.Deploy.0 = Release|ARM
		{DA1E7683-4F60-4647-B2E9-1C6F2A7B61B8}.RootRelease|x64.ActiveCfg = Release|x64
		{DA1E7683-4F60-4647-B2E9-1C6F2A7B61B8}.RootRelease|x64.Build.0 = Release|x64
		{DA1E7683-4F60-4647-B2E9-1C6F2A7B61B8}.RootRelease|x64.Deploy.0 = Release|x64
		{DA1E7683-4F60-4647-B2E9-1C6F2A7B61B8}.RootRelease|x86.ActiveCfg = Release|x86
		{DA1E7683-4F60-4647-B2E9-1C6F2A7B61B8}.RootRelease|x86.Build.0 = Release|x86
		{DA1E7683-4F60-4647-B2E9-1C6F2A7B61B8}.RootRelease|x86.Deploy.0 = Release|x86
		{654A0023-FBD5-4B83-848A-997D3B8827F2}.Debug|Any CPU.ActiveCfg = Debug|x64
		{654A0023-FBD5-4B83-848A-997D3B8827F2}.Debug|Any CPU.Build.0 = Debug|x64
		{654A0023-FBD5-4B83-848A-997D3B8827F2}.Debug|ARM.ActiveCfg = Debug|ARM
		{654A0023-FBD5-4B83-848A-997D3B8827F2}.Debug|ARM.Build.0 = Debug|ARM
		{654A0023-FBD5-4B83-848A-997D3B8827F2}.Debug|x64.ActiveCfg = Debug|x64
		{654A0023-FBD5-4B83-848A-997D3B8827F2}.Debug|x64.Build.0 = Debug|x64
		{654A0023-FBD5-4B83-848A-997D3B8827F2}.Debug|x86.ActiveCfg = Debug|x86
		{654A0023-FBD5-4B83-848A-997D3B8827F2}.Debug|x86.Build.0 = Debug|x86
		{654A0023-FBD5-4B83-848A-997D3B8827F2}.Release|Any CPU.ActiveCfg = Release|x64
		{654A0023-FBD5-4B83-848A-997D3B8827F2}.Release|Any CPU.Build.0 = Release|x64
		{654A0023-FBD5-4B83-848A-997D3B8827F2}.Release|ARM.ActiveCfg = Release|ARM
		{654A0023-FBD5-4B83-848A-997D3B8827F2}.Release|ARM.Build.0 = Release|ARM
		{654A0023-FBD5-4B83-848A-997D3B8827F2}.Release|x64.ActiveCfg = Release|x64
		{654A0023-FBD5-4B83-848A-997D3B8827F2}.Release|x64.Build.0 = Release|x64
		{654A0023-FBD5-4B83-848A-997D3B8827F2}.Release|x86.ActiveCfg = Release|x86
		{654A0023-FBD5-4B83-848A-997D3B8827F2}.Release|x86.Build.0 = Release|x86
		{654A0023-FBD5-4B83-848A-997D3B8827F2}.RootDebug|Any CPU.ActiveCfg = Release|x64
		{654A0023-FBD5-4B83-848A-997D3B8827F2}.RootDebug|Any CPU.Build.0 = Release|x64
		{654A0023-FBD5-4B83-848A-997D3B8827F2}.RootDebug|ARM.ActiveCfg = Debug|ARM
		{654A0023-FBD5-4B83-848A-997D3B8827F2}.RootDebug|ARM.Build.0 = Debug|ARM
		{654A0023-FBD5-4B83-848A-997D3B8827F2}.RootDebug|x64.ActiveCfg = Debug|x64
		{654A0023-FBD5-4B83-848A-997D3B8827F2}.RootDebug|x64.Build.0 = Debug|x64
		{654A0023-FBD5-4B83-848A-997D3B8827F2}.RootDebug|x86.ActiveCfg = Debug|x86
		{654A0023-FBD5-4B83-848A-997D3B8827F2}.RootDebug|x86.Build.0 = Debug|x86
		{654A0023-FBD5-4B83-848A-997D3B8827F2}.RootRelease|Any CPU.ActiveCfg = Release|x64
		{654A0023-FBD5-4B83-848A-997D3B8827F2}.RootRelease|Any CPU.Build.0 = Release|x64
		{654A0023-FBD5-4B83-848A-997D3B8827F2}.RootRelease|ARM.ActiveCfg = Release|ARM
		{654A0023-FBD5-4B83-848A-997D3B8827F2}.RootRelease|ARM.Build.0 = Release|ARM
		{654A0023-FBD5-4B83-848A-997D3B8827F2}.RootRelease|x64.ActiveCfg = Release|x64
		{654A0023-FBD5-4B83-848A-997D3B8827F2}.RootRelease|x64.Build.0 = Release|x64
		{654A0023-FBD5-4B83-848A-997D3B8827F2}.RootRelease|x86.ActiveCfg = Release|x86
		{654A0023-FBD5-4B83-848A-997D3B8827F2}.RootRelease|x86.Build.0 = Release|x86
		{8F9BB3EE-E365-4FE0-B5EE-FB45D7E7FE41}.Debug|Any CPU.ActiveCfg = Debug|x64
		{8F9BB3EE-E365-4FE0-B5EE-FB45D7E7FE41}.Debug|Any CPU.Build.0 = Debug|x64
		{8F9BB3EE-E365-4FE0-B5EE-FB45D7E7FE41}.Debug|ARM.ActiveCfg = Debug|ARM
		{8F9BB3EE-E365-4FE0-B5EE-FB45D7E7FE41}.Debug|ARM.Build.0 = Debug|ARM
		{8F9BB3EE-E365-4FE0-B5EE-FB45D7E7FE41}.Debug|x64.ActiveCfg = Debug|x64
		{8F9BB3EE-E365-4FE0-B5EE-FB45D7E7FE41}.Debug|x64.Build.0 = Debug|x64
		{8F9BB3EE-E365-4FE0-B5EE-FB45D7E7FE41}.Debug|x86.ActiveCfg = Debug|x86
		{8F9BB3EE-E365-4FE0-B5EE-FB45D7E7FE41}.Debug|x86.Build.0 = Debug|x86
		{8F9BB3EE-E365-4FE0-B5EE-FB45D7E7FE41}.Release|Any CPU.ActiveCfg = Release|x64
		{8F9BB3EE-E365-4FE0-B5EE-FB45D7E7FE41}.Release|Any CPU.Build.0 = Release|x64
		{8F9BB3EE-E365-4FE0-B5EE-FB45D7E7FE41}.Release|ARM.ActiveCfg = Release|ARM
		{8F9BB3EE-E365-4FE0-B5EE-FB45D7E7FE41}.Release|ARM.Build.0 = Release|ARM
		{8F9BB3EE-E365-4FE0-B5EE-FB45D7E7FE41}.Release|x64.ActiveCfg = Release|x64
		{8F9BB3EE-E365-4FE0-B5EE-FB45D7E7FE41}.Release|x64.Build.0 = Release|x64
		{8F9BB3EE-E365-4FE0-B5EE-FB45D7E7FE41}.Release|x86.ActiveCfg = Release|x86
		{8F9BB3EE-E365-4FE0-B5EE-FB45D7E7FE41}.Release|x86.Build.0 = Release|x86
		{8F9BB3EE-E365-4FE0-B5EE-FB45D7E7FE41}.RootDebug|Any CPU.ActiveCfg = Release|x64
		{8F9BB3EE-E365-4FE0-B5EE-FB45D7E7FE41}.RootDebug|Any CPU.Build.0 = Release|x64
		{8F9BB3EE-E365-4FE0-B5EE-FB45D7E7FE41}.RootDebug|ARM.ActiveCfg = Debug|ARM
		{8F9BB3EE-E365-4FE0-B5EE-FB45D7E7FE41}.RootDebug|ARM.Build.0 = Debug|ARM
		{8F9BB3EE-E365-4FE0-B5EE-FB45D7E7FE41}.RootDebug|x64.ActiveCfg = Debug|x64
		{8F9BB3EE-E365-4FE0-B5EE-FB45D7E7FE41}.RootDebug|x64.Build.0 = Debug|x64
		{8F9BB3EE-E365-4FE0-B5EE-FB45D7E7FE41}.RootDebug|x86.ActiveCfg = Debug|x86
		{8F9BB3EE-E365-4FE0-B5EE-FB45D7E7FE41}.RootDebug|x86.Build.0 = Debug|x86
		{8F9BB3EE-E365-4FE0-B5EE-FB45D7E7FE41}.RootRelease|Any CPU.ActiveCfg = Release|x64
		{8F9BB3EE-E365-4FE0-B5EE-FB45D7E7FE41}.RootRelease|Any CPU.Build.0 = Release|x64
		{8F9BB3EE-E365-4FE0-B5EE-FB45D7E7FE41}.RootRelease|ARM.ActiveCfg = Release|ARM
		{8F9BB3EE-E365-4FE0-B5EE-FB45D7E7FE41}.RootRelease|ARM.Build.0 = Release|ARM
		{8F9BB3EE-E365-4FE0-B5EE-FB45D7E7FE41}.RootRelease|x64.ActiveCfg = Release|x64
		{8F9BB3EE-E365-4FE0-B5EE-FB45D7E7FE41}.RootRelease|x64.Build.0 = Release|x64
		{8F9BB3EE-E365-4FE0-B5EE-FB45D7E7FE41}.RootRelease|x86.ActiveCfg = Release|x86
		{8F9BB3EE-E365-4FE0-B5EE-FB45D7E7FE41}.RootRelease|x86.Build.0 = Release|x86
		{65C6F78C-C5D7-4321-9AAE-D1D3F7AAF3CB}.Debug|Any CPU.ActiveCfg = Debug|Any CPU
		{65C6F78C-C5D7-4321-9AAE-D1D3F7AAF3CB}.Debug|Any CPU.Build.0 = Debug|Any CPU
		{65C6F78C-C5D7-4321-9AAE-D1D3F7AAF3CB}.Debug|ARM.ActiveCfg = Debug|Any CPU
		{65C6F78C-C5D7-4321-9AAE-D1D3F7AAF3CB}.Debug|ARM.Build.0 = Debug|Any CPU
		{65C6F78C-C5D7-4321-9AAE-D1D3F7AAF3CB}.Debug|x64.ActiveCfg = Debug|Any CPU
		{65C6F78C-C5D7-4321-9AAE-D1D3F7AAF3CB}.Debug|x64.Build.0 = Debug|Any CPU
		{65C6F78C-C5D7-4321-9AAE-D1D3F7AAF3CB}.Debug|x86.ActiveCfg = Debug|Any CPU
		{65C6F78C-C5D7-4321-9AAE-D1D3F7AAF3CB}.Debug|x86.Build.0 = Debug|Any CPU
		{65C6F78C-C5D7-4321-9AAE-D1D3F7AAF3CB}.Release|Any CPU.ActiveCfg = Release|Any CPU
		{65C6F78C-C5D7-4321-9AAE-D1D3F7AAF3CB}.Release|Any CPU.Build.0 = Release|Any CPU
		{65C6F78C-C5D7-4321-9AAE-D1D3F7AAF3CB}.Release|ARM.ActiveCfg = Release|Any CPU
		{65C6F78C-C5D7-4321-9AAE-D1D3F7AAF3CB}.Release|ARM.Build.0 = Release|Any CPU
		{65C6F78C-C5D7-4321-9AAE-D1D3F7AAF3CB}.Release|x64.ActiveCfg = Release|Any CPU
		{65C6F78C-C5D7-4321-9AAE-D1D3F7AAF3CB}.Release|x64.Build.0 = Release|Any CPU
		{65C6F78C-C5D7-4321-9AAE-D1D3F7AAF3CB}.Release|x86.ActiveCfg = Release|Any CPU
		{65C6F78C-C5D7-4321-9AAE-D1D3F7AAF3CB}.Release|x86.Build.0 = Release|Any CPU
		{65C6F78C-C5D7-4321-9AAE-D1D3F7AAF3CB}.RootDebug|Any CPU.ActiveCfg = Release|Any CPU
		{65C6F78C-C5D7-4321-9AAE-D1D3F7AAF3CB}.RootDebug|Any CPU.Build.0 = Release|Any CPU
		{65C6F78C-C5D7-4321-9AAE-D1D3F7AAF3CB}.RootDebug|ARM.ActiveCfg = Release|Any CPU
		{65C6F78C-C5D7-4321-9AAE-D1D3F7AAF3CB}.RootDebug|ARM.Build.0 = Release|Any CPU
		{65C6F78C-C5D7-4321-9AAE-D1D3F7AAF3CB}.RootDebug|x64.ActiveCfg = Release|Any CPU
		{65C6F78C-C5D7-4321-9AAE-D1D3F7AAF3CB}.RootDebug|x64.Build.0 = Release|Any CPU
		{65C6F78C-C5D7-4321-9AAE-D1D3F7AAF3CB}.RootDebug|x86.ActiveCfg = Release|Any CPU
		{65C6F78C-C5D7-4321-9AAE-D1D3F7AAF3CB}.RootDebug|x86.Build.0 = Release|Any CPU
		{65C6F78C-C5D7-4321-9AAE-D1D3F7AAF3CB}.RootRelease|Any CPU.ActiveCfg = Release|Any CPU
		{65C6F78C-C5D7-4321-9AAE-D1D3F7AAF3CB}.RootRelease|Any CPU.Build.0 = Release|Any CPU
		{65C6F78C-C5D7-4321-9AAE-D1D3F7AAF3CB}.RootRelease|ARM.ActiveCfg = Release|Any CPU
		{65C6F78C-C5D7-4321-9AAE-D1D3F7AAF3CB}.RootRelease|ARM.Build.0 = Release|Any CPU
		{65C6F78C-C5D7-4321-9AAE-D1D3F7AAF3CB}.RootRelease|x64.ActiveCfg = Release|Any CPU
		{65C6F78C-C5D7-4321-9AAE-D1D3F7AAF3CB}.RootRelease|x64.Build.0 = Release|Any CPU
		{65C6F78C-C5D7-4321-9AAE-D1D3F7AAF3CB}.RootRelease|x86.ActiveCfg = Release|Any CPU
		{65C6F78C-C5D7-4321-9AAE-D1D3F7AAF3CB}.RootRelease|x86.Build.0 = Release|Any CPU
		{A6B5707B-B573-47F7-BE3A-D85AC6C47D3F}.Debug|Any CPU.ActiveCfg = Debug|Any CPU
		{A6B5707B-B573-47F7-BE3A-D85AC6C47D3F}.Debug|Any CPU.Build.0 = Debug|Any CPU
		{A6B5707B-B573-47F7-BE3A-D85AC6C47D3F}.Debug|ARM.ActiveCfg = Debug|Any CPU
		{A6B5707B-B573-47F7-BE3A-D85AC6C47D3F}.Debug|ARM.Build.0 = Debug|Any CPU
		{A6B5707B-B573-47F7-BE3A-D85AC6C47D3F}.Debug|x64.ActiveCfg = Debug|x64
		{A6B5707B-B573-47F7-BE3A-D85AC6C47D3F}.Debug|x64.Build.0 = Debug|x64
		{A6B5707B-B573-47F7-BE3A-D85AC6C47D3F}.Debug|x86.ActiveCfg = Debug|x86
		{A6B5707B-B573-47F7-BE3A-D85AC6C47D3F}.Debug|x86.Build.0 = Debug|x86
		{A6B5707B-B573-47F7-BE3A-D85AC6C47D3F}.Release|Any CPU.ActiveCfg = Release|Any CPU
		{A6B5707B-B573-47F7-BE3A-D85AC6C47D3F}.Release|Any CPU.Build.0 = Release|Any CPU
		{A6B5707B-B573-47F7-BE3A-D85AC6C47D3F}.Release|ARM.ActiveCfg = Release|Any CPU
		{A6B5707B-B573-47F7-BE3A-D85AC6C47D3F}.Release|ARM.Build.0 = Release|Any CPU
		{A6B5707B-B573-47F7-BE3A-D85AC6C47D3F}.Release|x64.ActiveCfg = Release|x64
		{A6B5707B-B573-47F7-BE3A-D85AC6C47D3F}.Release|x64.Build.0 = Release|x64
		{A6B5707B-B573-47F7-BE3A-D85AC6C47D3F}.Release|x86.ActiveCfg = Release|x86
		{A6B5707B-B573-47F7-BE3A-D85AC6C47D3F}.Release|x86.Build.0 = Release|x86
		{A6B5707B-B573-47F7-BE3A-D85AC6C47D3F}.RootDebug|Any CPU.ActiveCfg = Release|Any CPU
		{A6B5707B-B573-47F7-BE3A-D85AC6C47D3F}.RootDebug|Any CPU.Build.0 = Release|Any CPU
		{A6B5707B-B573-47F7-BE3A-D85AC6C47D3F}.RootDebug|ARM.ActiveCfg = Release|Any CPU
		{A6B5707B-B573-47F7-BE3A-D85AC6C47D3F}.RootDebug|ARM.Build.0 = Release|Any CPU
		{A6B5707B-B573-47F7-BE3A-D85AC6C47D3F}.RootDebug|x64.ActiveCfg = Release|x64
		{A6B5707B-B573-47F7-BE3A-D85AC6C47D3F}.RootDebug|x64.Build.0 = Release|x64
		{A6B5707B-B573-47F7-BE3A-D85AC6C47D3F}.RootDebug|x86.ActiveCfg = Release|x86
		{A6B5707B-B573-47F7-BE3A-D85AC6C47D3F}.RootDebug|x86.Build.0 = Release|x86
		{A6B5707B-B573-47F7-BE3A-D85AC6C47D3F}.RootRelease|Any CPU.ActiveCfg = Release|Any CPU
		{A6B5707B-B573-47F7-BE3A-D85AC6C47D3F}.RootRelease|Any CPU.Build.0 = Release|Any CPU
		{A6B5707B-B573-47F7-BE3A-D85AC6C47D3F}.RootRelease|ARM.ActiveCfg = Release|Any CPU
		{A6B5707B-B573-47F7-BE3A-D85AC6C47D3F}.RootRelease|ARM.Build.0 = Release|Any CPU
		{A6B5707B-B573-47F7-BE3A-D85AC6C47D3F}.RootRelease|x64.ActiveCfg = Release|x64
		{A6B5707B-B573-47F7-BE3A-D85AC6C47D3F}.RootRelease|x64.Build.0 = Release|x64
		{A6B5707B-B573-47F7-BE3A-D85AC6C47D3F}.RootRelease|x86.ActiveCfg = Release|x86
		{A6B5707B-B573-47F7-BE3A-D85AC6C47D3F}.RootRelease|x86.Build.0 = Release|x86
	EndGlobalSection
	GlobalSection(SolutionProperties) = preSolution
		HideSolutionNode = FALSE
	EndGlobalSection
	GlobalSection(ExtensibilityGlobals) = postSolution
		SolutionGuid = {AD8DEE17-BFA0-4D43-A83B-46F95169F80A}
	EndGlobalSection
EndGlobal
